
Microsoft Visual Studio Solution File, Format Version 12.00
# Visual Studio Version 17
VisualStudioVersion = 17.10.35027.167
MinimumVisualStudioVersion = 10.0.40219.1
Project("{FAE04EC0-301F-11D3-BF4B-00C04F79EFBC}") = "PratikPatikaKutuphane", "PratikPatikaKutuphane\PratikPatikaKutuphane.csproj", "{CA06813C-DB18-47D6-8070-20659D6E2F65}"
EndProject
Global
	GlobalSection(SolutionConfigurationPlatforms) = preSolution
		Debug|Any CPU = Debug|Any CPU
		Release|Any CPU = Release|Any CPU
	EndGlobalSection
	GlobalSection(ProjectConfigurationPlatforms) = postSolution
		{CA06813C-DB18-47D6-8070-20659D6E2F65}.Debug|Any CPU.ActiveCfg = Debug|Any CPU
		{CA06813C-DB18-47D6-8070-20659D6E2F65}.Debug|Any CPU.Build.0 = Debug|Any CPU
		{CA06813C-DB18-47D6-8070-20659D6E2F65}.Release|Any CPU.ActiveCfg = Release|Any CPU
		{CA06813C-DB18-47D6-8070-20659D6E2F65}.Release|Any CPU.Build.0 = Release|Any CPU
	EndGlobalSection
	GlobalSection(SolutionProperties) = preSolution
		HideSolutionNode = FALSE
	EndGlobalSection
	GlobalSection(ExtensibilityGlobals) = postSolution
		SolutionGuid = {EB58716B-0425-41D0-A43B-708C59F62C7F}
	EndGlobalSection
EndGlobal
